// !$*UTF8*$!
{
	archiveVersion = 1;
	classes = {
	};
	objectVersion = 56;
	objects = {

/* Begin PBXBuildFile section */
		5E11F64E2CE2D1F9000E6DB9 /* .gitignore in Resources */ = {isa = PBXBuildFile; fileRef = 5E11F64D2CE2D1F1000E6DB9 /* .gitignore */; };
		5E11F6502CE2DA6A000E6DB9 /* Pages.swift in Sources */ = {isa = PBXBuildFile; fileRef = 5E11F64F2CE2DA68000E6DB9 /* Pages.swift */; };
		5E11F6522CE673CE000E6DB9 /* AppData.swift in Sources */ = {isa = PBXBuildFile; fileRef = 5E11F6512CE673CB000E6DB9 /* AppData.swift */; };
		5E11F65F2CF470F2000E6DB9 /* PrivacyPolicy.swift in Sources */ = {isa = PBXBuildFile; fileRef = 5E11F65E2CF47093000E6DB9 /* PrivacyPolicy.swift */; };
		5E11F6612CF47127000E6DB9 /* Review.swift in Sources */ = {isa = PBXBuildFile; fileRef = 5E11F6602CF47127000E6DB9 /* Review.swift */; };
		5E11F66B2CF54CB3000E6DB9 /* Crypto.swift in Sources */ = {isa = PBXBuildFile; fileRef = 5E11F66A2CF54C9A000E6DB9 /* Crypto.swift */; };
		5E11F66D2CF54E7D000E6DB9 /* CoinModels.swift in Sources */ = {isa = PBXBuildFile; fileRef = 5E11F66C2CF54E71000E6DB9 /* CoinModels.swift */; };
		5E11F66F2CF54EA5000E6DB9 /* AlpacaModels.swift in Sources */ = {isa = PBXBuildFile; fileRef = 5E11F66E2CF54E9F000E6DB9 /* AlpacaModels.swift */; };
		5E11F6732CF551D1000E6DB9 /* Watchlist.swift in Sources */ = {isa = PBXBuildFile; fileRef = 5E11F6722CF551CF000E6DB9 /* Watchlist.swift */; };
		5E11F6752CF55378000E6DB9 /* Search.swift in Sources */ = {isa = PBXBuildFile; fileRef = 5E11F6742CF55376000E6DB9 /* Search.swift */; };
		5E11F6772CF559F8000E6DB9 /* ImagePicker.swift in Sources */ = {isa = PBXBuildFile; fileRef = 5E11F6762CF559F8000E6DB9 /* ImagePicker.swift */; };
		5E11F6792CF7A4CA000E6DB9 /* CoinDetailView.swift in Sources */ = {isa = PBXBuildFile; fileRef = 5E11F6782CF7A4CA000E6DB9 /* CoinDetailView.swift */; };
		5E11F67D2CF8E0E6000E6DB9 /* Learn.swift in Sources */ = {isa = PBXBuildFile; fileRef = 5E11F67C2CF8E0E4000E6DB9 /* Learn.swift */; };
		5E11F6812CF91389000E6DB9 /* NewsModels.swift in Sources */ = {isa = PBXBuildFile; fileRef = 5E11F6802CF91384000E6DB9 /* NewsModels.swift */; };
		5E11F6832CF913BE000E6DB9 /* News.swift in Sources */ = {isa = PBXBuildFile; fileRef = 5E11F6822CF913BC000E6DB9 /* News.swift */; };
		5E1242DF2C221BFA0042B089 /* App.swift in Sources */ = {isa = PBXBuildFile; fileRef = 5E1242DE2C221BFA0042B089 /* App.swift */; };
		5E1242E12C221BFA0042B089 /* ContentView.swift in Sources */ = {isa = PBXBuildFile; fileRef = 5E1242E02C221BFA0042B089 /* ContentView.swift */; };
		5E1242E32C221BFA0042B089 /* Item.swift in Sources */ = {isa = PBXBuildFile; fileRef = 5E1242E22C221BFA0042B089 /* Item.swift */; };
		5E1242E52C221BFC0042B089 /* Assets.xcassets in Resources */ = {isa = PBXBuildFile; fileRef = 5E1242E42C221BFC0042B089 /* Assets.xcassets */; };
		5E1242E82C221BFC0042B089 /* Preview Assets.xcassets in Resources */ = {isa = PBXBuildFile; fileRef = 5E1242E72C221BFC0042B089 /* Preview Assets.xcassets */; };
		5E1242F22C221BFC0042B089 /* UnivestalTests.swift in Sources */ = {isa = PBXBuildFile; fileRef = 5E1242F12C221BFC0042B089 /* UnivestalTests.swift */; };
		5E1242FC2C221BFC0042B089 /* UnivestalUITests.swift in Sources */ = {isa = PBXBuildFile; fileRef = 5E1242FB2C221BFC0042B089 /* UnivestalUITests.swift */; };
		5E1242FE2C221BFC0042B089 /* UnivestalUITestsLaunchTests.swift in Sources */ = {isa = PBXBuildFile; fileRef = 5E1242FD2C221BFC0042B089 /* UnivestalUITestsLaunchTests.swift */; };
		5E7F17E12D07E99800CEA4F7 /* TradeModels.swift in Sources */ = {isa = PBXBuildFile; fileRef = 5E7F17E02D07E99500CEA4F7 /* TradeModels.swift */; };
		5E7F17E32D07EDF800CEA4F7 /* Errors.swift in Sources */ = {isa = PBXBuildFile; fileRef = 5E7F17E22D07EDF500CEA4F7 /* Errors.swift */; };
		5E7F17E72D07FC9F00CEA4F7 /* Trade.swift in Sources */ = {isa = PBXBuildFile; fileRef = 5E7F17E62D07FC9B00CEA4F7 /* Trade.swift */; };
		5E7F17EB2D07FE9F00CEA4F7 /* CoreData.swift in Sources */ = {isa = PBXBuildFile; fileRef = 5E7F17EA2D07FE9C00CEA4F7 /* CoreData.swift */; };
		5E7F17EE2D07FED300CEA4F7 /* Entities.xcdatamodeld in Sources */ = {isa = PBXBuildFile; fileRef = 5E7F17EC2D07FED300CEA4F7 /* Entities.xcdatamodeld */; };
		5E9AD4482C3C993100C55741 /* Profile.swift in Sources */ = {isa = PBXBuildFile; fileRef = 5E9AD4472C3C993100C55741 /* Profile.swift */; };
		5E9AD44A2C407F7B00C55741 /* Alpaca.swift in Sources */ = {isa = PBXBuildFile; fileRef = 5E9AD4492C407F7B00C55741 /* Alpaca.swift */; };
		5E9AD44C2C4095CD00C55741 /* AlpacaView.swift in Sources */ = {isa = PBXBuildFile; fileRef = 5E9AD44B2C4095CD00C55741 /* AlpacaView.swift */; };
		5E9AD44E2C41A46A00C55741 /* Config.plist in Resources */ = {isa = PBXBuildFile; fileRef = 5E9AD44D2C41A46A00C55741 /* Config.plist */; };
		5E9AD4522C41E01700C55741 /* Config.swift in Sources */ = {isa = PBXBuildFile; fileRef = 5E9AD44F2C41A53E00C55741 /* Config.swift */; };
		5E9AD4532C421A3500C55741 /* Config.plist in Resources */ = {isa = PBXBuildFile; fileRef = 5E9AD44D2C41A46A00C55741 /* Config.plist */; };
		5E9AD4542C421A3500C55741 /* Config.plist in Resources */ = {isa = PBXBuildFile; fileRef = 5E9AD44D2C41A46A00C55741 /* Config.plist */; };
		5E9AD4552C421A3800C55741 /* Config.swift in Sources */ = {isa = PBXBuildFile; fileRef = 5E9AD44F2C41A53E00C55741 /* Config.swift */; };
		5E9AD4562C421A3900C55741 /* Config.swift in Sources */ = {isa = PBXBuildFile; fileRef = 5E9AD44F2C41A53E00C55741 /* Config.swift */; };
		5E9B20DB2D2528B80054EE0D /* Persistence.swift in Sources */ = {isa = PBXBuildFile; fileRef = 5E9B20DA2D2528B80054EE0D /* Persistence.swift */; };
		5EA1CDE42C3AF1DD00CE5AAA /* Hub.swift in Sources */ = {isa = PBXBuildFile; fileRef = 5EA1CDE32C3AF1DD00CE5AAA /* Hub.swift */; };
		5EA1CDE62C3AFD4C00CE5AAA /* Settings.swift in Sources */ = {isa = PBXBuildFile; fileRef = 5EA1CDE52C3AFD4C00CE5AAA /* Settings.swift */; };
		5EA8D25D2D0E7238000D5022 /* PastTrades.swift in Sources */ = {isa = PBXBuildFile; fileRef = 5EA8D25C2D0E7231000D5022 /* PastTrades.swift */; };
		5EA8D27C2D1107F3000D5022 /* Environment.swift in Sources */ = {isa = PBXBuildFile; fileRef = 5EA8D27B2D1107F3000D5022 /* Environment.swift */; };
		5EDC07812D1BB538002172E5 /* Overlay.swift in Sources */ = {isa = PBXBuildFile; fileRef = 5EDC07802D1BB534002172E5 /* Overlay.swift */; };
		5EE8078D2C39F4B90070D8E9 /* Stage.swift in Sources */ = {isa = PBXBuildFile; fileRef = 5EE8078C2C39F4B90070D8E9 /* Stage.swift */; };
		5EE8078F2C3A200A0070D8E9 /* Homepage.swift in Sources */ = {isa = PBXBuildFile; fileRef = 5EE8078E2C3A200A0070D8E9 /* Homepage.swift */; };
		5EFA2E7A2D11F71400850417 /* TimeFrame.swift in Sources */ = {isa = PBXBuildFile; fileRef = 5EFA2E792D11F71100850417 /* TimeFrame.swift */; };
/* End PBXBuildFile section */

/* Begin PBXContainerItemProxy section */
		5E1242EE2C221BFC0042B089 /* PBXContainerItemProxy */ = {
			isa = PBXContainerItemProxy;
			containerPortal = 5E1242D32C221BFA0042B089 /* Project object */;
			proxyType = 1;
			remoteGlobalIDString = 5E1242DA2C221BFA0042B089;
			remoteInfo = Univestal;
		};
		5E1242F82C221BFC0042B089 /* PBXContainerItemProxy */ = {
			isa = PBXContainerItemProxy;
			containerPortal = 5E1242D32C221BFA0042B089 /* Project object */;
			proxyType = 1;
			remoteGlobalIDString = 5E1242DA2C221BFA0042B089;
			remoteInfo = Univestal;
		};
/* End PBXContainerItemProxy section */

/* Begin PBXFileReference section */
		5E11F64D2CE2D1F1000E6DB9 /* .gitignore */ = {isa = PBXFileReference; lastKnownFileType = text; path = .gitignore; sourceTree = "<group>"; };
		5E11F64F2CE2DA68000E6DB9 /* Pages.swift */ = {isa = PBXFileReference; lastKnownFileType = sourcecode.swift; path = Pages.swift; sourceTree = "<group>"; };
		5E11F6512CE673CB000E6DB9 /* AppData.swift */ = {isa = PBXFileReference; lastKnownFileType = sourcecode.swift; path = AppData.swift; sourceTree = "<group>"; };
		5E11F65E2CF47093000E6DB9 /* PrivacyPolicy.swift */ = {isa = PBXFileReference; lastKnownFileType = sourcecode.swift; path = PrivacyPolicy.swift; sourceTree = "<group>"; };
		5E11F6602CF47127000E6DB9 /* Review.swift */ = {isa = PBXFileReference; lastKnownFileType = sourcecode.swift; path = Review.swift; sourceTree = "<group>"; };
		5E11F66A2CF54C9A000E6DB9 /* Crypto.swift */ = {isa = PBXFileReference; lastKnownFileType = sourcecode.swift; path = Crypto.swift; sourceTree = "<group>"; };
		5E11F66C2CF54E71000E6DB9 /* CoinModels.swift */ = {isa = PBXFileReference; lastKnownFileType = sourcecode.swift; path = CoinModels.swift; sourceTree = "<group>"; };
		5E11F66E2CF54E9F000E6DB9 /* AlpacaModels.swift */ = {isa = PBXFileReference; lastKnownFileType = sourcecode.swift; path = AlpacaModels.swift; sourceTree = "<group>"; };
		5E11F6722CF551CF000E6DB9 /* Watchlist.swift */ = {isa = PBXFileReference; lastKnownFileType = sourcecode.swift; path = Watchlist.swift; sourceTree = "<group>"; };
		5E11F6742CF55376000E6DB9 /* Search.swift */ = {isa = PBXFileReference; lastKnownFileType = sourcecode.swift; path = Search.swift; sourceTree = "<group>"; };
		5E11F6762CF559F8000E6DB9 /* ImagePicker.swift */ = {isa = PBXFileReference; lastKnownFileType = sourcecode.swift; path = ImagePicker.swift; sourceTree = "<group>"; };
		5E11F6782CF7A4CA000E6DB9 /* CoinDetailView.swift */ = {isa = PBXFileReference; lastKnownFileType = sourcecode.swift; path = CoinDetailView.swift; sourceTree = "<group>"; };
		5E11F67C2CF8E0E4000E6DB9 /* Learn.swift */ = {isa = PBXFileReference; lastKnownFileType = sourcecode.swift; path = Learn.swift; sourceTree = "<group>"; };
		5E11F6802CF91384000E6DB9 /* NewsModels.swift */ = {isa = PBXFileReference; lastKnownFileType = sourcecode.swift; path = NewsModels.swift; sourceTree = "<group>"; };
		5E11F6822CF913BC000E6DB9 /* News.swift */ = {isa = PBXFileReference; lastKnownFileType = sourcecode.swift; path = News.swift; sourceTree = "<group>"; };
		5E1242DB2C221BFA0042B089 /* Univestal.app */ = {isa = PBXFileReference; explicitFileType = wrapper.application; includeInIndex = 0; path = Univestal.app; sourceTree = BUILT_PRODUCTS_DIR; };
		5E1242DE2C221BFA0042B089 /* App.swift */ = {isa = PBXFileReference; lastKnownFileType = sourcecode.swift; path = App.swift; sourceTree = "<group>"; };
		5E1242E02C221BFA0042B089 /* ContentView.swift */ = {isa = PBXFileReference; lastKnownFileType = sourcecode.swift; path = ContentView.swift; sourceTree = "<group>"; };
		5E1242E22C221BFA0042B089 /* Item.swift */ = {isa = PBXFileReference; lastKnownFileType = sourcecode.swift; path = Item.swift; sourceTree = "<group>"; };
		5E1242E42C221BFC0042B089 /* Assets.xcassets */ = {isa = PBXFileReference; lastKnownFileType = folder.assetcatalog; path = Assets.xcassets; sourceTree = "<group>"; };
		5E1242E72C221BFC0042B089 /* Preview Assets.xcassets */ = {isa = PBXFileReference; lastKnownFileType = folder.assetcatalog; path = "Preview Assets.xcassets"; sourceTree = "<group>"; };
		5E1242ED2C221BFC0042B089 /* UnivestalTests.xctest */ = {isa = PBXFileReference; explicitFileType = wrapper.cfbundle; includeInIndex = 0; path = UnivestalTests.xctest; sourceTree = BUILT_PRODUCTS_DIR; };
		5E1242F12C221BFC0042B089 /* UnivestalTests.swift */ = {isa = PBXFileReference; lastKnownFileType = sourcecode.swift; path = UnivestalTests.swift; sourceTree = "<group>"; };
		5E1242F72C221BFC0042B089 /* UnivestalUITests.xctest */ = {isa = PBXFileReference; explicitFileType = wrapper.cfbundle; includeInIndex = 0; path = UnivestalUITests.xctest; sourceTree = BUILT_PRODUCTS_DIR; };
		5E1242FB2C221BFC0042B089 /* UnivestalUITests.swift */ = {isa = PBXFileReference; lastKnownFileType = sourcecode.swift; path = UnivestalUITests.swift; sourceTree = "<group>"; };
		5E1242FD2C221BFC0042B089 /* UnivestalUITestsLaunchTests.swift */ = {isa = PBXFileReference; lastKnownFileType = sourcecode.swift; path = UnivestalUITestsLaunchTests.swift; sourceTree = "<group>"; };
		5E7F17E02D07E99500CEA4F7 /* TradeModels.swift */ = {isa = PBXFileReference; lastKnownFileType = sourcecode.swift; path = TradeModels.swift; sourceTree = "<group>"; };
		5E7F17E22D07EDF500CEA4F7 /* Errors.swift */ = {isa = PBXFileReference; lastKnownFileType = sourcecode.swift; path = Errors.swift; sourceTree = "<group>"; };
		5E7F17E62D07FC9B00CEA4F7 /* Trade.swift */ = {isa = PBXFileReference; lastKnownFileType = sourcecode.swift; path = Trade.swift; sourceTree = "<group>"; };
		5E7F17EA2D07FE9C00CEA4F7 /* CoreData.swift */ = {isa = PBXFileReference; lastKnownFileType = sourcecode.swift; path = CoreData.swift; sourceTree = "<group>"; };
		5E7F17ED2D07FED300CEA4F7 /* Entities.xcdatamodel */ = {isa = PBXFileReference; lastKnownFileType = wrapper.xcdatamodel; path = Entities.xcdatamodel; sourceTree = "<group>"; };
		5E9AD4472C3C993100C55741 /* Profile.swift */ = {isa = PBXFileReference; lastKnownFileType = sourcecode.swift; path = Profile.swift; sourceTree = "<group>"; };
		5E9AD4492C407F7B00C55741 /* Alpaca.swift */ = {isa = PBXFileReference; lastKnownFileType = sourcecode.swift; path = Alpaca.swift; sourceTree = "<group>"; };
		5E9AD44B2C4095CD00C55741 /* AlpacaView.swift */ = {isa = PBXFileReference; lastKnownFileType = sourcecode.swift; path = AlpacaView.swift; sourceTree = "<group>"; };
		5E9AD44D2C41A46A00C55741 /* Config.plist */ = {isa = PBXFileReference; lastKnownFileType = text.plist.xml; path = Config.plist; sourceTree = "<group>"; };
		5E9AD44F2C41A53E00C55741 /* Config.swift */ = {isa = PBXFileReference; lastKnownFileType = sourcecode.swift; path = Config.swift; sourceTree = "<group>"; };
		5E9B20DA2D2528B80054EE0D /* Persistence.swift */ = {isa = PBXFileReference; lastKnownFileType = sourcecode.swift; path = Persistence.swift; sourceTree = "<group>"; };
		5EA1CDE32C3AF1DD00CE5AAA /* Hub.swift */ = {isa = PBXFileReference; lastKnownFileType = sourcecode.swift; path = Hub.swift; sourceTree = "<group>"; };
		5EA1CDE52C3AFD4C00CE5AAA /* Settings.swift */ = {isa = PBXFileReference; lastKnownFileType = sourcecode.swift; path = Settings.swift; sourceTree = "<group>"; };
		5EA8D25C2D0E7231000D5022 /* PastTrades.swift */ = {isa = PBXFileReference; lastKnownFileType = sourcecode.swift; path = PastTrades.swift; sourceTree = "<group>"; };
		5EA8D27B2D1107F3000D5022 /* Environment.swift */ = {isa = PBXFileReference; lastKnownFileType = sourcecode.swift; path = Environment.swift; sourceTree = "<group>"; };
		5EDC07802D1BB534002172E5 /* Overlay.swift */ = {isa = PBXFileReference; lastKnownFileType = sourcecode.swift; path = Overlay.swift; sourceTree = "<group>"; };
		5EE8078C2C39F4B90070D8E9 /* Stage.swift */ = {isa = PBXFileReference; lastKnownFileType = sourcecode.swift; path = Stage.swift; sourceTree = "<group>"; };
		5EE8078E2C3A200A0070D8E9 /* Homepage.swift */ = {isa = PBXFileReference; lastKnownFileType = sourcecode.swift; path = Homepage.swift; sourceTree = "<group>"; };
		5EFA2E792D11F71100850417 /* TimeFrame.swift */ = {isa = PBXFileReference; lastKnownFileType = sourcecode.swift; path = TimeFrame.swift; sourceTree = "<group>"; };
/* End PBXFileReference section */

/* Begin PBXFrameworksBuildPhase section */
		5E1242D82C221BFA0042B089 /* Frameworks */ = {
			isa = PBXFrameworksBuildPhase;
			buildActionMask = 2147483647;
			files = (
			);
			runOnlyForDeploymentPostprocessing = 0;
		};
		5E1242EA2C221BFC0042B089 /* Frameworks */ = {
			isa = PBXFrameworksBuildPhase;
			buildActionMask = 2147483647;
			files = (
			);
			runOnlyForDeploymentPostprocessing = 0;
		};
		5E1242F42C221BFC0042B089 /* Frameworks */ = {
			isa = PBXFrameworksBuildPhase;
			buildActionMask = 2147483647;
			files = (
			);
			runOnlyForDeploymentPostprocessing = 0;
		};
/* End PBXFrameworksBuildPhase section */

/* Begin PBXGroup section */
		5E11F6692CF539CE000E6DB9 /* Backend */ = {
			isa = PBXGroup;
			children = (
				5E9AD44F2C41A53E00C55741 /* Config.swift */,
				5E7F17DF2D07E98B00CEA4F7 /* Trade */,
				5E11F68C2CFD48C0000E6DB9 /* Alpaca */,
				5E11F68A2CFD41D4000E6DB9 /* Crypto */,
				5E11F68B2CFD48AE000E6DB9 /* News */,
			);
			path = Backend;
			sourceTree = "<group>";
		};
		5E11F67A2CF7AE86000E6DB9 /* Secondary */ = {
			isa = PBXGroup;
			children = (
				5EA8D25C2D0E7231000D5022 /* PastTrades.swift */,
				5E11F6782CF7A4CA000E6DB9 /* CoinDetailView.swift */,
				5E11F6762CF559F8000E6DB9 /* ImagePicker.swift */,
				5E11F65E2CF47093000E6DB9 /* PrivacyPolicy.swift */,
				5E11F6602CF47127000E6DB9 /* Review.swift */,
			);
			path = Secondary;
			sourceTree = "<group>";
		};
		5E11F67B2CF80222000E6DB9 /* Primary */ = {
			isa = PBXGroup;
			children = (
				5E7F17E62D07FC9B00CEA4F7 /* Trade.swift */,
				5EA1CDE32C3AF1DD00CE5AAA /* Hub.swift */,
				5E11F6742CF55376000E6DB9 /* Search.swift */,
				5E11F67C2CF8E0E4000E6DB9 /* Learn.swift */,
				5E11F6722CF551CF000E6DB9 /* Watchlist.swift */,
				5EA1CDE52C3AFD4C00CE5AAA /* Settings.swift */,
				5E9AD4472C3C993100C55741 /* Profile.swift */,
			);
			path = Primary;
			sourceTree = "<group>";
		};
		5E11F68A2CFD41D4000E6DB9 /* Crypto */ = {
			isa = PBXGroup;
			children = (
				5E11F66C2CF54E71000E6DB9 /* CoinModels.swift */,
				5E11F66A2CF54C9A000E6DB9 /* Crypto.swift */,
			);
			path = Crypto;
			sourceTree = "<group>";
		};
		5E11F68B2CFD48AE000E6DB9 /* News */ = {
			isa = PBXGroup;
			children = (
				5E11F6802CF91384000E6DB9 /* NewsModels.swift */,
				5E11F6822CF913BC000E6DB9 /* News.swift */,
			);
			path = News;
			sourceTree = "<group>";
		};
		5E11F68C2CFD48C0000E6DB9 /* Alpaca */ = {
			isa = PBXGroup;
			children = (
				5E11F66E2CF54E9F000E6DB9 /* AlpacaModels.swift */,
				5E9AD4492C407F7B00C55741 /* Alpaca.swift */,
				5E9AD44B2C4095CD00C55741 /* AlpacaView.swift */,
			);
			path = Alpaca;
			sourceTree = "<group>";
		};
		5E1242D22C221BFA0042B089 = {
			isa = PBXGroup;
			children = (
				5E1242DD2C221BFA0042B089 /* Univestal */,
				5E1242F02C221BFC0042B089 /* UnivestalTests */,
				5E1242FA2C221BFC0042B089 /* UnivestalUITests */,
				5E1242DC2C221BFA0042B089 /* Products */,
			);
			sourceTree = "<group>";
		};
		5E1242DC2C221BFA0042B089 /* Products */ = {
			isa = PBXGroup;
			children = (
				5E1242DB2C221BFA0042B089 /* Univestal.app */,
				5E1242ED2C221BFC0042B089 /* UnivestalTests.xctest */,
				5E1242F72C221BFC0042B089 /* UnivestalUITests.xctest */,
			);
			name = Products;
			sourceTree = "<group>";
		};
		5E1242DD2C221BFA0042B089 /* Univestal */ = {
			isa = PBXGroup;
			children = (
				5E1242DE2C221BFA0042B089 /* App.swift */,
				5E11F6512CE673CB000E6DB9 /* AppData.swift */,
				5E7F17EA2D07FE9C00CEA4F7 /* CoreData.swift */,
				5E1242E02C221BFA0042B089 /* ContentView.swift */,
				5E9B20DA2D2528B80054EE0D /* Persistence.swift */,
				5E1242E22C221BFA0042B089 /* Item.swift */,
				5EE807892C38D2500070D8E9 /* Onboarding */,
				5EA1CDE22C3AF1AE00CE5AAA /* Home */,
				5E11F6692CF539CE000E6DB9 /* Backend */,
				5E1242E42C221BFC0042B089 /* Assets.xcassets */,
				5E11F64D2CE2D1F1000E6DB9 /* .gitignore */,
				5E9AD44D2C41A46A00C55741 /* Config.plist */,
				5E1242E62C221BFC0042B089 /* Preview Content */,
			);
			path = Univestal;
			sourceTree = "<group>";
		};
		5E1242E62C221BFC0042B089 /* Preview Content */ = {
			isa = PBXGroup;
			children = (
				5E1242E72C221BFC0042B089 /* Preview Assets.xcassets */,
			);
			path = "Preview Content";
			sourceTree = "<group>";
		};
		5E1242F02C221BFC0042B089 /* UnivestalTests */ = {
			isa = PBXGroup;
			children = (
				5E1242F12C221BFC0042B089 /* UnivestalTests.swift */,
			);
			path = UnivestalTests;
			sourceTree = "<group>";
		};
		5E1242FA2C221BFC0042B089 /* UnivestalUITests */ = {
			isa = PBXGroup;
			children = (
				5E1242FB2C221BFC0042B089 /* UnivestalUITests.swift */,
				5E1242FD2C221BFC0042B089 /* UnivestalUITestsLaunchTests.swift */,
			);
			path = UnivestalUITests;
			sourceTree = "<group>";
		};
		5E7F17DF2D07E98B00CEA4F7 /* Trade */ = {
			isa = PBXGroup;
			children = (
				5EFA2E792D11F71100850417 /* TimeFrame.swift */,
				5EA8D27B2D1107F3000D5022 /* Environment.swift */,
				5E7F17E02D07E99500CEA4F7 /* TradeModels.swift */,
				5E7F17E22D07EDF500CEA4F7 /* Errors.swift */,
				5E7F17EC2D07FED300CEA4F7 /* Entities.xcdatamodeld */,
			);
			path = Trade;
			sourceTree = "<group>";
		};
		5EA1CDE22C3AF1AE00CE5AAA /* Home */ = {
			isa = PBXGroup;
			children = (
				5EE8078E2C3A200A0070D8E9 /* Homepage.swift */,
				5E11F67B2CF80222000E6DB9 /* Primary */,
				5E11F67A2CF7AE86000E6DB9 /* Secondary */,
			);
			path = Home;
			sourceTree = "<group>";
		};
		5EE807892C38D2500070D8E9 /* Onboarding */ = {
			isa = PBXGroup;
			children = (
				5EDC07802D1BB534002172E5 /* Overlay.swift */,
				5EE8078C2C39F4B90070D8E9 /* Stage.swift */,
				5E11F64F2CE2DA68000E6DB9 /* Pages.swift */,
			);
			path = Onboarding;
			sourceTree = "<group>";
		};
/* End PBXGroup section */

/* Begin PBXNativeTarget section */
		5E1242DA2C221BFA0042B089 /* Univestal */ = {
			isa = PBXNativeTarget;
			buildConfigurationList = 5E1243012C221BFC0042B089 /* Build configuration list for PBXNativeTarget "Univestal" */;
			buildPhases = (
				5E1242D72C221BFA0042B089 /* Sources */,
				5E1242D82C221BFA0042B089 /* Frameworks */,
				5E1242D92C221BFA0042B089 /* Resources */,
			);
			buildRules = (
			);
			dependencies = (
			);
			name = Univestal;
			productName = Univestal;
			productReference = 5E1242DB2C221BFA0042B089 /* Univestal.app */;
			productType = "com.apple.product-type.application";
		};
		5E1242EC2C221BFC0042B089 /* UnivestalTests */ = {
			isa = PBXNativeTarget;
			buildConfigurationList = 5E1243042C221BFC0042B089 /* Build configuration list for PBXNativeTarget "UnivestalTests" */;
			buildPhases = (
				5E1242E92C221BFC0042B089 /* Sources */,
				5E1242EA2C221BFC0042B089 /* Frameworks */,
				5E1242EB2C221BFC0042B089 /* Resources */,
			);
			buildRules = (
			);
			dependencies = (
				5E1242EF2C221BFC0042B089 /* PBXTargetDependency */,
			);
			name = UnivestalTests;
			productName = UnivestalTests;
			productReference = 5E1242ED2C221BFC0042B089 /* UnivestalTests.xctest */;
			productType = "com.apple.product-type.bundle.unit-test";
		};
		5E1242F62C221BFC0042B089 /* UnivestalUITests */ = {
			isa = PBXNativeTarget;
			buildConfigurationList = 5E1243072C221BFC0042B089 /* Build configuration list for PBXNativeTarget "UnivestalUITests" */;
			buildPhases = (
				5E1242F32C221BFC0042B089 /* Sources */,
				5E1242F42C221BFC0042B089 /* Frameworks */,
				5E1242F52C221BFC0042B089 /* Resources */,
			);
			buildRules = (
			);
			dependencies = (
				5E1242F92C221BFC0042B089 /* PBXTargetDependency */,
			);
			name = UnivestalUITests;
			productName = UnivestalUITests;
			productReference = 5E1242F72C221BFC0042B089 /* UnivestalUITests.xctest */;
			productType = "com.apple.product-type.bundle.ui-testing";
		};
/* End PBXNativeTarget section */

/* Begin PBXProject section */
		5E1242D32C221BFA0042B089 /* Project object */ = {
			isa = PBXProject;
			attributes = {
				BuildIndependentTargetsInParallel = 1;
				LastSwiftUpdateCheck = 1540;
				LastUpgradeCheck = 1610;
				TargetAttributes = {
					5E1242DA2C221BFA0042B089 = {
						CreatedOnToolsVersion = 15.4;
					};
					5E1242EC2C221BFC0042B089 = {
						CreatedOnToolsVersion = 15.4;
						TestTargetID = 5E1242DA2C221BFA0042B089;
					};
					5E1242F62C221BFC0042B089 = {
						CreatedOnToolsVersion = 15.4;
						TestTargetID = 5E1242DA2C221BFA0042B089;
					};
				};
			};
			buildConfigurationList = 5E1242D62C221BFA0042B089 /* Build configuration list for PBXProject "Univestal" */;
			compatibilityVersion = "Xcode 14.0";
			developmentRegion = en;
			hasScannedForEncodings = 0;
			knownRegions = (
				en,
				Base,
			);
			mainGroup = 5E1242D22C221BFA0042B089;
			productRefGroup = 5E1242DC2C221BFA0042B089 /* Products */;
			projectDirPath = "";
			projectRoot = "";
			targets = (
				5E1242DA2C221BFA0042B089 /* Univestal */,
				5E1242EC2C221BFC0042B089 /* UnivestalTests */,
				5E1242F62C221BFC0042B089 /* UnivestalUITests */,
			);
		};
/* End PBXProject section */

/* Begin PBXResourcesBuildPhase section */
		5E1242D92C221BFA0042B089 /* Resources */ = {
			isa = PBXResourcesBuildPhase;
			buildActionMask = 2147483647;
			files = (
				5E11F64E2CE2D1F9000E6DB9 /* .gitignore in Resources */,
				5E1242E82C221BFC0042B089 /* Preview Assets.xcassets in Resources */,
				5E1242E52C221BFC0042B089 /* Assets.xcassets in Resources */,
				5E9AD44E2C41A46A00C55741 /* Config.plist in Resources */,
			);
			runOnlyForDeploymentPostprocessing = 0;
		};
		5E1242EB2C221BFC0042B089 /* Resources */ = {
			isa = PBXResourcesBuildPhase;
			buildActionMask = 2147483647;
			files = (
				5E9AD4532C421A3500C55741 /* Config.plist in Resources */,
			);
			runOnlyForDeploymentPostprocessing = 0;
		};
		5E1242F52C221BFC0042B089 /* Resources */ = {
			isa = PBXResourcesBuildPhase;
			buildActionMask = 2147483647;
			files = (
				5E9AD4542C421A3500C55741 /* Config.plist in Resources */,
			);
			runOnlyForDeploymentPostprocessing = 0;
		};
/* End PBXResourcesBuildPhase section */

/* Begin PBXSourcesBuildPhase section */
		5E1242D72C221BFA0042B089 /* Sources */ = {
			isa = PBXSourcesBuildPhase;
			buildActionMask = 2147483647;
			files = (
				5E11F66F2CF54EA5000E6DB9 /* AlpacaModels.swift in Sources */,
				5EE8078F2C3A200A0070D8E9 /* Homepage.swift in Sources */,
				5E1242E12C221BFA0042B089 /* ContentView.swift in Sources */,
				5E9AD44A2C407F7B00C55741 /* Alpaca.swift in Sources */,
				5E11F6522CE673CE000E6DB9 /* AppData.swift in Sources */,
				5E11F66B2CF54CB3000E6DB9 /* Crypto.swift in Sources */,
				5EA8D25D2D0E7238000D5022 /* PastTrades.swift in Sources */,
				5E1242E32C221BFA0042B089 /* Item.swift in Sources */,
				5EA1CDE42C3AF1DD00CE5AAA /* Hub.swift in Sources */,
				5E11F67D2CF8E0E6000E6DB9 /* Learn.swift in Sources */,
				5E11F65F2CF470F2000E6DB9 /* PrivacyPolicy.swift in Sources */,
				5E9AD4522C41E01700C55741 /* Config.swift in Sources */,
				5E11F6812CF91389000E6DB9 /* NewsModels.swift in Sources */,
				5E11F6752CF55378000E6DB9 /* Search.swift in Sources */,
				5E11F6612CF47127000E6DB9 /* Review.swift in Sources */,
				5E11F6792CF7A4CA000E6DB9 /* CoinDetailView.swift in Sources */,
				5E7F17E12D07E99800CEA4F7 /* TradeModels.swift in Sources */,
				5E11F6772CF559F8000E6DB9 /* ImagePicker.swift in Sources */,
				5E7F17EE2D07FED300CEA4F7 /* Entities.xcdatamodeld in Sources */,
				5E9AD44C2C4095CD00C55741 /* AlpacaView.swift in Sources */,
				5E11F66D2CF54E7D000E6DB9 /* CoinModels.swift in Sources */,
				5E7F17E72D07FC9F00CEA4F7 /* Trade.swift in Sources */,
				5E7F17E32D07EDF800CEA4F7 /* Errors.swift in Sources */,
				5E9AD4482C3C993100C55741 /* Profile.swift in Sources */,
				5EE8078D2C39F4B90070D8E9 /* Stage.swift in Sources */,
				5E7F17EB2D07FE9F00CEA4F7 /* CoreData.swift in Sources */,
				5E11F6502CE2DA6A000E6DB9 /* Pages.swift in Sources */,
				5EA1CDE62C3AFD4C00CE5AAA /* Settings.swift in Sources */,
				5E1242DF2C221BFA0042B089 /* App.swift in Sources */,
				5E9B20DB2D2528B80054EE0D /* Persistence.swift in Sources */,
				5E11F6832CF913BE000E6DB9 /* News.swift in Sources */,
				5E11F6732CF551D1000E6DB9 /* Watchlist.swift in Sources */,
				5EDC07812D1BB538002172E5 /* Overlay.swift in Sources */,
				5EFA2E7A2D11F71400850417 /* TimeFrame.swift in Sources */,
				5EA8D27C2D1107F3000D5022 /* Environment.swift in Sources */,
			);
			runOnlyForDeploymentPostprocessing = 0;
		};
		5E1242E92C221BFC0042B089 /* Sources */ = {
			isa = PBXSourcesBuildPhase;
			buildActionMask = 2147483647;
			files = (
				5E1242F22C221BFC0042B089 /* UnivestalTests.swift in Sources */,
				5E9AD4552C421A3800C55741 /* Config.swift in Sources */,
			);
			runOnlyForDeploymentPostprocessing = 0;
		};
		5E1242F32C221BFC0042B089 /* Sources */ = {
			isa = PBXSourcesBuildPhase;
			buildActionMask = 2147483647;
			files = (
				5E1242FE2C221BFC0042B089 /* UnivestalUITestsLaunchTests.swift in Sources */,
				5E1242FC2C221BFC0042B089 /* UnivestalUITests.swift in Sources */,
				5E9AD4562C421A3900C55741 /* Config.swift in Sources */,
			);
			runOnlyForDeploymentPostprocessing = 0;
		};
/* End PBXSourcesBuildPhase section */

/* Begin PBXTargetDependency section */
		5E1242EF2C221BFC0042B089 /* PBXTargetDependency */ = {
			isa = PBXTargetDependency;
			target = 5E1242DA2C221BFA0042B089 /* Univestal */;
			targetProxy = 5E1242EE2C221BFC0042B089 /* PBXContainerItemProxy */;
		};
		5E1242F92C221BFC0042B089 /* PBXTargetDependency */ = {
			isa = PBXTargetDependency;
			target = 5E1242DA2C221BFA0042B089 /* Univestal */;
			targetProxy = 5E1242F82C221BFC0042B089 /* PBXContainerItemProxy */;
		};
/* End PBXTargetDependency section */

/* Begin XCBuildConfiguration section */
		5E1242FF2C221BFC0042B089 /* Debug */ = {
			isa = XCBuildConfiguration;
			buildSettings = {
				ALWAYS_SEARCH_USER_PATHS = NO;
				ASSETCATALOG_COMPILER_GENERATE_SWIFT_ASSET_SYMBOL_EXTENSIONS = YES;
				CLANG_ANALYZER_NONNULL = YES;
				CLANG_ANALYZER_NUMBER_OBJECT_CONVERSION = YES_AGGRESSIVE;
				CLANG_CXX_LANGUAGE_STANDARD = "gnu++20";
				CLANG_ENABLE_MODULES = YES;
				CLANG_ENABLE_OBJC_ARC = YES;
				CLANG_ENABLE_OBJC_WEAK = YES;
				CLANG_WARN_BLOCK_CAPTURE_AUTORELEASING = YES;
				CLANG_WARN_BOOL_CONVERSION = YES;
				CLANG_WARN_COMMA = YES;
				CLANG_WARN_CONSTANT_CONVERSION = YES;
				CLANG_WARN_DEPRECATED_OBJC_IMPLEMENTATIONS = YES;
				CLANG_WARN_DIRECT_OBJC_ISA_USAGE = YES_ERROR;
				CLANG_WARN_DOCUMENTATION_COMMENTS = YES;
				CLANG_WARN_EMPTY_BODY = YES;
				CLANG_WARN_ENUM_CONVERSION = YES;
				CLANG_WARN_INFINITE_RECURSION = YES;
				CLANG_WARN_INT_CONVERSION = YES;
				CLANG_WARN_NON_LITERAL_NULL_CONVERSION = YES;
				CLANG_WARN_OBJC_IMPLICIT_RETAIN_SELF = YES;
				CLANG_WARN_OBJC_LITERAL_CONVERSION = YES;
				CLANG_WARN_OBJC_ROOT_CLASS = YES_ERROR;
				CLANG_WARN_QUOTED_INCLUDE_IN_FRAMEWORK_HEADER = YES;
				CLANG_WARN_RANGE_LOOP_ANALYSIS = YES;
				CLANG_WARN_STRICT_PROTOTYPES = YES;
				CLANG_WARN_SUSPICIOUS_MOVE = YES;
				CLANG_WARN_UNGUARDED_AVAILABILITY = YES_AGGRESSIVE;
				CLANG_WARN_UNREACHABLE_CODE = YES;
				CLANG_WARN__DUPLICATE_METHOD_MATCH = YES;
				COPY_PHASE_STRIP = NO;
				DEBUG_INFORMATION_FORMAT = dwarf;
				ENABLE_STRICT_OBJC_MSGSEND = YES;
				ENABLE_TESTABILITY = YES;
				ENABLE_USER_SCRIPT_SANDBOXING = YES;
				GCC_C_LANGUAGE_STANDARD = gnu17;
				GCC_DYNAMIC_NO_PIC = NO;
				GCC_NO_COMMON_BLOCKS = YES;
				GCC_OPTIMIZATION_LEVEL = 0;
				GCC_PREPROCESSOR_DEFINITIONS = (
					"DEBUG=1",
					"$(inherited)",
				);
				GCC_WARN_64_TO_32_BIT_CONVERSION = YES;
				GCC_WARN_ABOUT_RETURN_TYPE = YES_ERROR;
				GCC_WARN_UNDECLARED_SELECTOR = YES;
				GCC_WARN_UNINITIALIZED_AUTOS = YES_AGGRESSIVE;
				GCC_WARN_UNUSED_FUNCTION = YES;
				GCC_WARN_UNUSED_VARIABLE = YES;
				IPHONEOS_DEPLOYMENT_TARGET = 17.5;
				LOCALIZATION_PREFERS_STRING_CATALOGS = YES;
				MTL_ENABLE_DEBUG_INFO = INCLUDE_SOURCE;
				MTL_FAST_MATH = YES;
				ONLY_ACTIVE_ARCH = YES;
				SDKROOT = iphoneos;
				SWIFT_ACTIVE_COMPILATION_CONDITIONS = "DEBUG $(inherited)";
				SWIFT_OPTIMIZATION_LEVEL = "-Onone";
			};
			name = Debug;
		};
		5E1243002C221BFC0042B089 /* Release */ = {
			isa = XCBuildConfiguration;
			buildSettings = {
				ALWAYS_SEARCH_USER_PATHS = NO;
				ASSETCATALOG_COMPILER_GENERATE_SWIFT_ASSET_SYMBOL_EXTENSIONS = YES;
				CLANG_ANALYZER_NONNULL = YES;
				CLANG_ANALYZER_NUMBER_OBJECT_CONVERSION = YES_AGGRESSIVE;
				CLANG_CXX_LANGUAGE_STANDARD = "gnu++20";
				CLANG_ENABLE_MODULES = YES;
				CLANG_ENABLE_OBJC_ARC = YES;
				CLANG_ENABLE_OBJC_WEAK = YES;
				CLANG_WARN_BLOCK_CAPTURE_AUTORELEASING = YES;
				CLANG_WARN_BOOL_CONVERSION = YES;
				CLANG_WARN_COMMA = YES;
				CLANG_WARN_CONSTANT_CONVERSION = YES;
				CLANG_WARN_DEPRECATED_OBJC_IMPLEMENTATIONS = YES;
				CLANG_WARN_DIRECT_OBJC_ISA_USAGE = YES_ERROR;
				CLANG_WARN_DOCUMENTATION_COMMENTS = YES;
				CLANG_WARN_EMPTY_BODY = YES;
				CLANG_WARN_ENUM_CONVERSION = YES;
				CLANG_WARN_INFINITE_RECURSION = YES;
				CLANG_WARN_INT_CONVERSION = YES;
				CLANG_WARN_NON_LITERAL_NULL_CONVERSION = YES;
				CLANG_WARN_OBJC_IMPLICIT_RETAIN_SELF = YES;
				CLANG_WARN_OBJC_LITERAL_CONVERSION = YES;
				CLANG_WARN_OBJC_ROOT_CLASS = YES_ERROR;
				CLANG_WARN_QUOTED_INCLUDE_IN_FRAMEWORK_HEADER = YES;
				CLANG_WARN_RANGE_LOOP_ANALYSIS = YES;
				CLANG_WARN_STRICT_PROTOTYPES = YES;
				CLANG_WARN_SUSPICIOUS_MOVE = YES;
				CLANG_WARN_UNGUARDED_AVAILABILITY = YES_AGGRESSIVE;
				CLANG_WARN_UNREACHABLE_CODE = YES;
				CLANG_WARN__DUPLICATE_METHOD_MATCH = YES;
				COPY_PHASE_STRIP = NO;
				DEBUG_INFORMATION_FORMAT = "dwarf-with-dsym";
				ENABLE_NS_ASSERTIONS = NO;
				ENABLE_STRICT_OBJC_MSGSEND = YES;
				ENABLE_USER_SCRIPT_SANDBOXING = YES;
				GCC_C_LANGUAGE_STANDARD = gnu17;
				GCC_NO_COMMON_BLOCKS = YES;
				GCC_WARN_64_TO_32_BIT_CONVERSION = YES;
				GCC_WARN_ABOUT_RETURN_TYPE = YES_ERROR;
				GCC_WARN_UNDECLARED_SELECTOR = YES;
				GCC_WARN_UNINITIALIZED_AUTOS = YES_AGGRESSIVE;
				GCC_WARN_UNUSED_FUNCTION = YES;
				GCC_WARN_UNUSED_VARIABLE = YES;
				IPHONEOS_DEPLOYMENT_TARGET = 17.5;
				LOCALIZATION_PREFERS_STRING_CATALOGS = YES;
				MTL_ENABLE_DEBUG_INFO = NO;
				MTL_FAST_MATH = YES;
				SDKROOT = iphoneos;
				SWIFT_COMPILATION_MODE = wholemodule;
				VALIDATE_PRODUCT = YES;
			};
			name = Release;
		};
		5E1243022C221BFC0042B089 /* Debug */ = {
			isa = XCBuildConfiguration;
			buildSettings = {
				ASSETCATALOG_COMPILER_APPICON_NAME = AppIcon;
				ASSETCATALOG_COMPILER_GLOBAL_ACCENT_COLOR_NAME = AccentColor;
				CODE_SIGN_STYLE = Automatic;
				CURRENT_PROJECT_VERSION = 1;
				DEVELOPMENT_ASSET_PATHS = "\"Univestal/Preview Content\"";
				DEVELOPMENT_TEAM = P6PV2R9443;
				ENABLE_PREVIEWS = YES;
				GENERATE_INFOPLIST_FILE = YES;
				INFOPLIST_KEY_CFBundleDisplayName = Univestal;
				INFOPLIST_KEY_UIApplicationSceneManifest_Generation = YES;
				INFOPLIST_KEY_UIApplicationSupportsIndirectInputEvents = YES;
				INFOPLIST_KEY_UILaunchScreen_Generation = YES;
				INFOPLIST_KEY_UISupportedInterfaceOrientations_iPad = "UIInterfaceOrientationPortrait UIInterfaceOrientationPortraitUpsideDown UIInterfaceOrientationLandscapeLeft UIInterfaceOrientationLandscapeRight";
				INFOPLIST_KEY_UISupportedInterfaceOrientations_iPhone = "UIInterfaceOrientationPortrait UIInterfaceOrientationLandscapeLeft UIInterfaceOrientationLandscapeRight";
				IPHONEOS_DEPLOYMENT_TARGET = 17.0;
				LD_RUNPATH_SEARCH_PATHS = (
					"$(inherited)",
					"@executable_path/Frameworks",
				);
				LIBRARY_SEARCH_PATHS = "";
				MARKETING_VERSION = 1.0;
				PRODUCT_BUNDLE_IDENTIFIER = com.negbuna.Univestal;
				PRODUCT_NAME = "$(TARGET_NAME)";
				SWIFT_EMIT_LOC_STRINGS = YES;
				SWIFT_VERSION = 5.0;
				TARGETED_DEVICE_FAMILY = "1,2";
			};
			name = Debug;
		};
		5E1243032C221BFC0042B089 /* Release */ = {
			isa = XCBuildConfiguration;
			buildSettings = {
				ASSETCATALOG_COMPILER_APPICON_NAME = AppIcon;
				ASSETCATALOG_COMPILER_GLOBAL_ACCENT_COLOR_NAME = AccentColor;
				CODE_SIGN_STYLE = Automatic;
				CURRENT_PROJECT_VERSION = 1;
				DEVELOPMENT_ASSET_PATHS = "\"Univestal/Preview Content\"";
				DEVELOPMENT_TEAM = P6PV2R9443;
				ENABLE_PREVIEWS = YES;
				GENERATE_INFOPLIST_FILE = YES;
				INFOPLIST_KEY_CFBundleDisplayName = Univestal;
				INFOPLIST_KEY_UIApplicationSceneManifest_Generation = YES;
				INFOPLIST_KEY_UIApplicationSupportsIndirectInputEvents = YES;
				INFOPLIST_KEY_UILaunchScreen_Generation = YES;
				INFOPLIST_KEY_UISupportedInterfaceOrientations_iPad = "UIInterfaceOrientationPortrait UIInterfaceOrientationPortraitUpsideDown UIInterfaceOrientationLandscapeLeft UIInterfaceOrientationLandscapeRight";
				INFOPLIST_KEY_UISupportedInterfaceOrientations_iPhone = "UIInterfaceOrientationPortrait UIInterfaceOrientationLandscapeLeft UIInterfaceOrientationLandscapeRight";
				IPHONEOS_DEPLOYMENT_TARGET = 17.0;
				LD_RUNPATH_SEARCH_PATHS = (
					"$(inherited)",
					"@executable_path/Frameworks",
				);
				LIBRARY_SEARCH_PATHS = "";
				MARKETING_VERSION = 1.0;
				PRODUCT_BUNDLE_IDENTIFIER = com.negbuna.Univestal;
				PRODUCT_NAME = "$(TARGET_NAME)";
				SWIFT_EMIT_LOC_STRINGS = YES;
				SWIFT_VERSION = 5.0;
				TARGETED_DEVICE_FAMILY = "1,2";
			};
			name = Release;
		};
		5E1243052C221BFC0042B089 /* Debug */ = {
			isa = XCBuildConfiguration;
			buildSettings = {
				BUNDLE_LOADER = "$(TEST_HOST)";
				CODE_SIGN_STYLE = Automatic;
				CURRENT_PROJECT_VERSION = 1;
				DEVELOPMENT_TEAM = WM4543PAN6;
				GENERATE_INFOPLIST_FILE = YES;
				IPHONEOS_DEPLOYMENT_TARGET = 17.5;
				MARKETING_VERSION = 1.0;
				PRODUCT_BUNDLE_IDENTIFIER = com.negbuna.UnivestalTests;
				PRODUCT_NAME = "$(TARGET_NAME)";
				SWIFT_EMIT_LOC_STRINGS = NO;
				SWIFT_VERSION = 5.0;
				TARGETED_DEVICE_FAMILY = "1,2";
				TEST_HOST = "$(BUILT_PRODUCTS_DIR)/Univestal.app/$(BUNDLE_EXECUTABLE_FOLDER_PATH)/Univestal";
			};
			name = Debug;
		};
		5E1243062C221BFC0042B089 /* Release */ = {
			isa = XCBuildConfiguration;
			buildSettings = {
				BUNDLE_LOADER = "$(TEST_HOST)";
				CODE_SIGN_STYLE = Automatic;
				CURRENT_PROJECT_VERSION = 1;
				DEVELOPMENT_TEAM = WM4543PAN6;
				GENERATE_INFOPLIST_FILE = YES;
				IPHONEOS_DEPLOYMENT_TARGET = 17.5;
				MARKETING_VERSION = 1.0;
				PRODUCT_BUNDLE_IDENTIFIER = com.negbuna.UnivestalTests;
				PRODUCT_NAME = "$(TARGET_NAME)";
				SWIFT_EMIT_LOC_STRINGS = NO;
				SWIFT_VERSION = 5.0;
				TARGETED_DEVICE_FAMILY = "1,2";
				TEST_HOST = "$(BUILT_PRODUCTS_DIR)/Univestal.app/$(BUNDLE_EXECUTABLE_FOLDER_PATH)/Univestal";
			};
			name = Release;
		};
		5E1243082C221BFC0042B089 /* Debug */ = {
			isa = XCBuildConfiguration;
			buildSettings = {
				CODE_SIGN_STYLE = Automatic;
				CURRENT_PROJECT_VERSION = 1;
				DEVELOPMENT_TEAM = WM4543PAN6;
				GENERATE_INFOPLIST_FILE = YES;
				MARKETING_VERSION = 1.0;
				PRODUCT_BUNDLE_IDENTIFIER = com.negbuna.UnivestalUITests;
				PRODUCT_NAME = "$(TARGET_NAME)";
				SWIFT_EMIT_LOC_STRINGS = NO;
				SWIFT_VERSION = 5.0;
				TARGETED_DEVICE_FAMILY = "1,2";
				TEST_TARGET_NAME = Univestal;
			};
			name = Debug;
		};
		5E1243092C221BFC0042B089 /* Release */ = {
			isa = XCBuildConfiguration;
			buildSettings = {
				CODE_SIGN_STYLE = Automatic;
				CURRENT_PROJECT_VERSION = 1;
				DEVELOPMENT_TEAM = WM4543PAN6;
				GENERATE_INFOPLIST_FILE = YES;
				MARKETING_VERSION = 1.0;
				PRODUCT_BUNDLE_IDENTIFIER = com.negbuna.UnivestalUITests;
				PRODUCT_NAME = "$(TARGET_NAME)";
				SWIFT_EMIT_LOC_STRINGS = NO;
				SWIFT_VERSION = 5.0;
				TARGETED_DEVICE_FAMILY = "1,2";
				TEST_TARGET_NAME = Univestal;
			};
			name = Release;
		};
/* End XCBuildConfiguration section */

/* Begin XCConfigurationList section */
		5E1242D62C221BFA0042B089 /* Build configuration list for PBXProject "Univestal" */ = {
			isa = XCConfigurationList;
			buildConfigurations = (
				5E1242FF2C221BFC0042B089 /* Debug */,
				5E1243002C221BFC0042B089 /* Release */,
			);
			defaultConfigurationIsVisible = 0;
			defaultConfigurationName = Release;
		};
		5E1243012C221BFC0042B089 /* Build configuration list for PBXNativeTarget "Univestal" */ = {
			isa = XCConfigurationList;
			buildConfigurations = (
				5E1243022C221BFC0042B089 /* Debug */,
				5E1243032C221BFC0042B089 /* Release */,
			);
			defaultConfigurationIsVisible = 0;
			defaultConfigurationName = Release;
		};
		5E1243042C221BFC0042B089 /* Build configuration list for PBXNativeTarget "UnivestalTests" */ = {
			isa = XCConfigurationList;
			buildConfigurations = (
				5E1243052C221BFC0042B089 /* Debug */,
				5E1243062C221BFC0042B089 /* Release */,
			);
			defaultConfigurationIsVisible = 0;
			defaultConfigurationName = Release;
		};
		5E1243072C221BFC0042B089 /* Build configuration list for PBXNativeTarget "UnivestalUITests" */ = {
			isa = XCConfigurationList;
			buildConfigurations = (
				5E1243082C221BFC0042B089 /* Debug */,
				5E1243092C221BFC0042B089 /* Release */,
			);
			defaultConfigurationIsVisible = 0;
			defaultConfigurationName = Release;
		};
/* End XCConfigurationList section */

/* Begin XCVersionGroup section */
		5E7F17EC2D07FED300CEA4F7 /* Entities.xcdatamodeld */ = {
			isa = XCVersionGroup;
			children = (
				5E7F17ED2D07FED300CEA4F7 /* Entities.xcdatamodel */,
			);
			currentVersion = 5E7F17ED2D07FED300CEA4F7 /* Entities.xcdatamodel */;
			path = Entities.xcdatamodeld;
			sourceTree = "<group>";
			versionGroupType = wrapper.xcdatamodel;
		};
/* End XCVersionGroup section */
	};
	rootObject = 5E1242D32C221BFA0042B089 /* Project object */;
}
